
Microsoft Visual Studio Solution File, Format Version 12.00
# Visual Studio Version 17
VisualStudioVersion = 17.3.32825.248
MinimumVisualStudioVersion = 10.0.40219.1
Project("{FAE04EC0-301F-11D3-BF4B-00C04F79EFBC}") = "WebApplication1", "WebApplication1.csproj", "{840E5163-8A0F-4923-A5CE-1D83A4B4F8EF}"
EndProject
Global
	GlobalSection(SolutionConfigurationPlatforms) = preSolution
		Debug|Any CPU = Debug|Any CPU
		Release|Any CPU = Release|Any CPU
	EndGlobalSection
	GlobalSection(ProjectConfigurationPlatforms) = postSolution
		{840E5163-8A0F-4923-A5CE-1D83A4B4F8EF}.Debug|Any CPU.ActiveCfg = Debug|Any CPU
		{840E5163-8A0F-4923-A5CE-1D83A4B4F8EF}.Debug|Any CPU.Build.0 = Debug|Any CPU
		{840E5163-8A0F-4923-A5CE-1D83A4B4F8EF}.Release|Any CPU.ActiveCfg = Release|Any CPU
		{840E5163-8A0F-4923-A5CE-1D83A4B4F8EF}.Release|Any CPU.Build.0 = Release|Any CPU
	EndGlobalSection
	GlobalSection(SolutionProperties) = preSolution
		HideSolutionNode = FALSE
	EndGlobalSection
	GlobalSection(ExtensibilityGlobals) = postSolution
		SolutionGuid = {B277AAD8-FEED-47CF-8CD9-AE8DB9B1394C}
	EndGlobalSection
EndGlobal
